// !$*UTF8*$!
{
	archiveVersion = 1;
	classes = {
	};
	objectVersion = 50;
	objects = {

/* Begin PBXBuildFile section */
		1B6B718321D1A8FE0034CF7A /* AppDelegate.swift in Sources */ = {isa = PBXBuildFile; fileRef = 1B6B718221D1A8FE0034CF7A /* AppDelegate.swift */; };
		1B6B718A21D1A8FF0034CF7A /* Assets.xcassets in Resources */ = {isa = PBXBuildFile; fileRef = 1B6B718921D1A8FF0034CF7A /* Assets.xcassets */; };
		1B6B718D21D1A8FF0034CF7A /* LaunchScreen.storyboard in Resources */ = {isa = PBXBuildFile; fileRef = 1B6B718B21D1A8FF0034CF7A /* LaunchScreen.storyboard */; };
		1B6B719521D1ADBC0034CF7A /* CalculatorViewController.swift in Sources */ = {isa = PBXBuildFile; fileRef = 1B6B719421D1ADBC0034CF7A /* CalculatorViewController.swift */; };
		1BA570B821DAED6B00148F8E /* RoundButton.swift in Sources */ = {isa = PBXBuildFile; fileRef = 1BA570B721DAED6B00148F8E /* RoundButton.swift */; };
		1BBE0A6921E5523000FB147A /* UIViewExtension.swift in Sources */ = {isa = PBXBuildFile; fileRef = 1BBE0A6821E5523000FB147A /* UIViewExtension.swift */; };
		1BBE0A6C21E5575200FB147A /* Main.storyboard in Resources */ = {isa = PBXBuildFile; fileRef = 1BBE0A6B21E5575200FB147A /* Main.storyboard */; };
/* End PBXBuildFile section */

/* Begin PBXFileReference section */
		1B6B717F21D1A8FE0034CF7A /* Calculator.app */ = {isa = PBXFileReference; explicitFileType = wrapper.application; includeInIndex = 0; path = Calculator.app; sourceTree = BUILT_PRODUCTS_DIR; };
		1B6B718221D1A8FE0034CF7A /* AppDelegate.swift */ = {isa = PBXFileReference; lastKnownFileType = sourcecode.swift; path = AppDelegate.swift; sourceTree = "<group>"; };
		1B6B718921D1A8FF0034CF7A /* Assets.xcassets */ = {isa = PBXFileReference; lastKnownFileType = folder.assetcatalog; path = Assets.xcassets; sourceTree = "<group>"; };
		1B6B718C21D1A8FF0034CF7A /* Base */ = {isa = PBXFileReference; lastKnownFileType = file.storyboard; name = Base; path = Base.lproj/LaunchScreen.storyboard; sourceTree = "<group>"; };
		1B6B718E21D1A8FF0034CF7A /* Info.plist */ = {isa = PBXFileReference; lastKnownFileType = text.plist.xml; path = Info.plist; sourceTree = "<group>"; };
		1B6B719421D1ADBC0034CF7A /* CalculatorViewController.swift */ = {isa = PBXFileReference; lastKnownFileType = sourcecode.swift; path = CalculatorViewController.swift; sourceTree = "<group>"; };
		1BA570B721DAED6B00148F8E /* RoundButton.swift */ = {isa = PBXFileReference; lastKnownFileType = sourcecode.swift; path = RoundButton.swift; sourceTree = "<group>"; };
		1BBE0A6821E5523000FB147A /* UIViewExtension.swift */ = {isa = PBXFileReference; fileEncoding = 4; lastKnownFileType = sourcecode.swift; path = UIViewExtension.swift; sourceTree = "<group>"; };
		1BBE0A6B21E5575200FB147A /* Main.storyboard */ = {isa = PBXFileReference; lastKnownFileType = file.storyboard; path = Main.storyboard; sourceTree = "<group>"; };
/* End PBXFileReference section */

/* Begin PBXFrameworksBuildPhase section */
		1B6B717C21D1A8FE0034CF7A /* Frameworks */ = {
			isa = PBXFrameworksBuildPhase;
			buildActionMask = 2147483647;
			files = (
			);
			runOnlyForDeploymentPostprocessing = 0;
		};
/* End PBXFrameworksBuildPhase section */

/* Begin PBXGroup section */
		1B6B717621D1A8FE0034CF7A = {
			isa = PBXGroup;
			children = (
				1B6B718121D1A8FE0034CF7A /* Calculator */,
				1B6B718021D1A8FE0034CF7A /* Products */,
			);
			sourceTree = "<group>";
		};
		1B6B718021D1A8FE0034CF7A /* Products */ = {
			isa = PBXGroup;
			children = (
				1B6B717F21D1A8FE0034CF7A /* Calculator.app */,
			);
			name = Products;
			sourceTree = "<group>";
		};
		1B6B718121D1A8FE0034CF7A /* Calculator */ = {
			isa = PBXGroup;
			children = (
				1BBE0A6421E545AB00FB147A /* View Controllers */,
				1BBE0A6521E545B500FB147A /* Helpers */,
				1BBE0A6A21E5523800FB147A /* Views */,
				1BBE0A6321E545A200FB147A /* UI */,
				1BBE0A6221E5459600FB147A /* Resources */,
			);
			path = Calculator;
			sourceTree = "<group>";
		};
		1BBE0A6221E5459600FB147A /* Resources */ = {
			isa = PBXGroup;
			children = (
				1B6B718221D1A8FE0034CF7A /* AppDelegate.swift */,
				1B6B718921D1A8FF0034CF7A /* Assets.xcassets */,
				1B6B718E21D1A8FF0034CF7A /* Info.plist */,
			);
			path = Resources;
			sourceTree = "<group>";
		};
		1BBE0A6321E545A200FB147A /* UI */ = {
			isa = PBXGroup;
			children = (
				1B6B718B21D1A8FF0034CF7A /* LaunchScreen.storyboard */,
				1BBE0A6B21E5575200FB147A /* Main.storyboard */,
			);
			path = UI;
			sourceTree = "<group>";
		};
		1BBE0A6421E545AB00FB147A /* View Controllers */ = {
			isa = PBXGroup;
			children = (
				1B6B719421D1ADBC0034CF7A /* CalculatorViewController.swift */,
			);
			path = "View Controllers";
			sourceTree = "<group>";
		};
		1BBE0A6521E545B500FB147A /* Helpers */ = {
			isa = PBXGroup;
			children = (
				1BA570B721DAED6B00148F8E /* RoundButton.swift */,
			);
			path = Helpers;
			sourceTree = "<group>";
		};
		1BBE0A6A21E5523800FB147A /* Views */ = {
			isa = PBXGroup;
			children = (
				1BBE0A6821E5523000FB147A /* UIViewExtension.swift */,
			);
			path = Views;
			sourceTree = "<group>";
		};
/* End PBXGroup section */

/* Begin PBXNativeTarget section */
		1B6B717E21D1A8FE0034CF7A /* Calculator */ = {
			isa = PBXNativeTarget;
			buildConfigurationList = 1B6B719121D1A8FF0034CF7A /* Build configuration list for PBXNativeTarget "Calculator" */;
			buildPhases = (
				1B6B717B21D1A8FE0034CF7A /* Sources */,
				1B6B717C21D1A8FE0034CF7A /* Frameworks */,
				1B6B717D21D1A8FE0034CF7A /* Resources */,
			);
			buildRules = (
			);
			dependencies = (
			);
			name = Calculator;
			productName = Calculator;
			productReference = 1B6B717F21D1A8FE0034CF7A /* Calculator.app */;
			productType = "com.apple.product-type.application";
		};
/* End PBXNativeTarget section */

/* Begin PBXProject section */
		1B6B717721D1A8FE0034CF7A /* Project object */ = {
			isa = PBXProject;
			attributes = {
				LastSwiftUpdateCheck = 1010;
				LastUpgradeCheck = 1010;
				ORGANIZATIONNAME = "Steve Lederer";
				TargetAttributes = {
					1B6B717E21D1A8FE0034CF7A = {
						CreatedOnToolsVersion = 10.1;
					};
				};
			};
			buildConfigurationList = 1B6B717A21D1A8FE0034CF7A /* Build configuration list for PBXProject "Calculator" */;
			compatibilityVersion = "Xcode 9.3";
			developmentRegion = en;
			hasScannedForEncodings = 0;
			knownRegions = (
				en,
				Base,
			);
			mainGroup = 1B6B717621D1A8FE0034CF7A;
			productRefGroup = 1B6B718021D1A8FE0034CF7A /* Products */;
			projectDirPath = "";
			projectRoot = "";
			targets = (
				1B6B717E21D1A8FE0034CF7A /* Calculator */,
			);
		};
/* End PBXProject section */

/* Begin PBXResourcesBuildPhase section */
		1B6B717D21D1A8FE0034CF7A /* Resources */ = {
			isa = PBXResourcesBuildPhase;
			buildActionMask = 2147483647;
			files = (
				1BBE0A6C21E5575200FB147A /* Main.storyboard in Resources */,
				1B6B718D21D1A8FF0034CF7A /* LaunchScreen.storyboard in Resources */,
				1B6B718A21D1A8FF0034CF7A /* Assets.xcassets in Resources */,
			);
			runOnlyForDeploymentPostprocessing = 0;
		};
/* End PBXResourcesBuildPhase section */

/* Begin PBXSourcesBuildPhase section */
		1B6B717B21D1A8FE0034CF7A /* Sources */ = {
			isa = PBXSourcesBuildPhase;
			buildActionMask = 2147483647;
			files = (
				1BA570B821DAED6B00148F8E /* RoundButton.swift in Sources */,
				1B6B719521D1ADBC0034CF7A /* CalculatorViewController.swift in Sources */,
				1BBE0A6921E5523000FB147A /* UIViewExtension.swift in Sources */,
				1B6B718321D1A8FE0034CF7A /* AppDelegate.swift in Sources */,
			);
			runOnlyForDeploymentPostprocessing = 0;
		};
/* End PBXSourcesBuildPhase section */

/* Begin PBXVariantGroup section */
		1B6B718B21D1A8FF0034CF7A /* LaunchScreen.storyboard */ = {
			isa = PBXVariantGroup;
			children = (
				1B6B718C21D1A8FF0034CF7A /* Base */,
			);
			name = LaunchScreen.storyboard;
			sourceTree = "<group>";
		};
/* End PBXVariantGroup section */

/* Begin XCBuildConfiguration section */
		1B6B718F21D1A8FF0034CF7A /* Debug */ = {
			isa = XCBuildConfiguration;
			buildSettings = {
				ALWAYS_SEARCH_USER_PATHS = NO;
				CLANG_ANALYZER_NONNULL = YES;
				CLANG_ANALYZER_NUMBER_OBJECT_CONVERSION = YES_AGGRESSIVE;
				CLANG_CXX_LANGUAGE_STANDARD = "gnu++14";
				CLANG_CXX_LIBRARY = "libc++";
				CLANG_ENABLE_MODULES = YES;
				CLANG_ENABLE_OBJC_ARC = YES;
				CLANG_ENABLE_OBJC_WEAK = YES;
				CLANG_WARN_BLOCK_CAPTURE_AUTORELEASING = YES;
				CLANG_WARN_BOOL_CONVERSION = YES;
				CLANG_WARN_COMMA = YES;
				CLANG_WARN_CONSTANT_CONVERSION = YES;
				CLANG_WARN_DEPRECATED_OBJC_IMPLEMENTATIONS = YES;
				CLANG_WARN_DIRECT_OBJC_ISA_USAGE = YES_ERROR;
				CLANG_WARN_DOCUMENTATION_COMMENTS = YES;
				CLANG_WARN_EMPTY_BODY = YES;
				CLANG_WARN_ENUM_CONVERSION = YES;
				CLANG_WARN_INFINITE_RECURSION = YES;
				CLANG_WARN_INT_CONVERSION = YES;
				CLANG_WARN_NON_LITERAL_NULL_CONVERSION = YES;
				CLANG_WARN_OBJC_IMPLICIT_RETAIN_SELF = YES;
				CLANG_WARN_OBJC_LITERAL_CONVERSION = YES;
				CLANG_WARN_OBJC_ROOT_CLASS = YES_ERROR;
				CLANG_WARN_RANGE_LOOP_ANALYSIS = YES;
				CLANG_WARN_STRICT_PROTOTYPES = YES;
				CLANG_WARN_SUSPICIOUS_MOVE = YES;
				CLANG_WARN_UNGUARDED_AVAILABILITY = YES_AGGRESSIVE;
				CLANG_WARN_UNREACHABLE_CODE = YES;
				CLANG_WARN__DUPLICATE_METHOD_MATCH = YES;
				CODE_SIGN_IDENTITY = "iPhone Developer";
				COPY_PHASE_STRIP = NO;
				DEBUG_INFORMATION_FORMAT = dwarf;
				ENABLE_STRICT_OBJC_MSGSEND = YES;
				ENABLE_TESTABILITY = YES;
				GCC_C_LANGUAGE_STANDARD = gnu11;
				GCC_DYNAMIC_NO_PIC = NO;
				GCC_NO_COMMON_BLOCKS = YES;
				GCC_OPTIMIZATION_LEVEL = 0;
				GCC_PREPROCESSOR_DEFINITIONS = (
					"DEBUG=1",
					"$(inherited)",
				);
				GCC_WARN_64_TO_32_BIT_CONVERSION = YES;
				GCC_WARN_ABOUT_RETURN_TYPE = YES_ERROR;
				GCC_WARN_UNDECLARED_SELECTOR = YES;
				GCC_WARN_UNINITIALIZED_AUTOS = YES_AGGRESSIVE;
				GCC_WARN_UNUSED_FUNCTION = YES;
				GCC_WARN_UNUSED_VARIABLE = YES;
				IPHONEOS_DEPLOYMENT_TARGET = 12.1;
				MTL_ENABLE_DEBUG_INFO = INCLUDE_SOURCE;
				MTL_FAST_MATH = YES;
				ONLY_ACTIVE_ARCH = YES;
				SDKROOT = iphoneos;
				SWIFT_ACTIVE_COMPILATION_CONDITIONS = DEBUG;
				SWIFT_OPTIMIZATION_LEVEL = "-Onone";
			};
			name = Debug;
		};
		1B6B719021D1A8FF0034CF7A /* Release */ = {
			isa = XCBuildConfiguration;
			buildSettings = {
				ALWAYS_SEARCH_USER_PATHS = NO;
				CLANG_ANALYZER_NONNULL = YES;
				CLANG_ANALYZER_NUMBER_OBJECT_CONVERSION = YES_AGGRESSIVE;
				CLANG_CXX_LANGUAGE_STANDARD = "gnu++14";
				CLANG_CXX_LIBRARY = "libc++";
				CLANG_ENABLE_MODULES = YES;
				CLANG_ENABLE_OBJC_ARC = YES;
				CLANG_ENABLE_OBJC_WEAK = YES;
				CLANG_WARN_BLOCK_CAPTURE_AUTORELEASING = YES;
				CLANG_WARN_BOOL_CONVERSION = YES;
				CLANG_WARN_COMMA = YES;
				CLANG_WARN_CONSTANT_CONVERSION = YES;
				CLANG_WARN_DEPRECATED_OBJC_IMPLEMENTATIONS = YES;
				CLANG_WARN_DIRECT_OBJC_ISA_USAGE = YES_ERROR;
				CLANG_WARN_DOCUMENTATION_COMMENTS = YES;
				CLANG_WARN_EMPTY_BODY = YES;
				CLANG_WARN_ENUM_CONVERSION = YES;
				CLANG_WARN_INFINITE_RECURSION = YES;
				CLANG_WARN_INT_CONVERSION = YES;
				CLANG_WARN_NON_LITERAL_NULL_CONVERSION = YES;
				CLANG_WARN_OBJC_IMPLICIT_RETAIN_SELF = YES;
				CLANG_WARN_OBJC_LITERAL_CONVERSION = YES;
				CLANG_WARN_OBJC_ROOT_CLASS = YES_ERROR;
				CLANG_WARN_RANGE_LOOP_ANALYSIS = YES;
				CLANG_WARN_STRICT_PROTOTYPES = YES;
				CLANG_WARN_SUSPICIOUS_MOVE = YES;
				CLANG_WARN_UNGUARDED_AVAILABILITY = YES_AGGRESSIVE;
				CLANG_WARN_UNREACHABLE_CODE = YES;
				CLANG_WARN__DUPLICATE_METHOD_MATCH = YES;
				CODE_SIGN_IDENTITY = "iPhone Developer";
				COPY_PHASE_STRIP = NO;
				DEBUG_INFORMATION_FORMAT = "dwarf-with-dsym";
				ENABLE_NS_ASSERTIONS = NO;
				ENABLE_STRICT_OBJC_MSGSEND = YES;
				GCC_C_LANGUAGE_STANDARD = gnu11;
				GCC_NO_COMMON_BLOCKS = YES;
				GCC_WARN_64_TO_32_BIT_CONVERSION = YES;
				GCC_WARN_ABOUT_RETURN_TYPE = YES_ERROR;
				GCC_WARN_UNDECLARED_SELECTOR = YES;
				GCC_WARN_UNINITIALIZED_AUTOS = YES_AGGRESSIVE;
				GCC_WARN_UNUSED_FUNCTION = YES;
				GCC_WARN_UNUSED_VARIABLE = YES;
				IPHONEOS_DEPLOYMENT_TARGET = 12.1;
				MTL_ENABLE_DEBUG_INFO = NO;
				MTL_FAST_MATH = YES;
				SDKROOT = iphoneos;
				SWIFT_COMPILATION_MODE = wholemodule;
				SWIFT_OPTIMIZATION_LEVEL = "-O";
				VALIDATE_PRODUCT = YES;
			};
			name = Release;
		};
		1B6B719221D1A8FF0034CF7A /* Debug */ = {
			isa = XCBuildConfiguration;
			buildSettings = {
				ASSETCATALOG_COMPILER_APPICON_NAME = AppIcon;
				CODE_SIGN_STYLE = Automatic;
				DEVELOPMENT_TEAM = 56CLV9J785;
				INFOPLIST_FILE = "$(SRCROOT)/Calculator/Resources/Info.plist";
				LD_RUNPATH_SEARCH_PATHS = (
					"$(inherited)",
					"@executable_path/Frameworks",
				);
				PRODUCT_BUNDLE_IDENTIFIER = com.stevelederer.Calculator;
				PRODUCT_NAME = "$(TARGET_NAME)";
				SWIFT_VERSION = 4.2;
				TARGETED_DEVICE_FAMILY = 1;
			};
			name = Debug;
		};
		1B6B719321D1A8FF0034CF7A /* Release */ = {
			isa = XCBuildConfiguration;
			buildSettings = {
				ASSETCATALOG_COMPILER_APPICON_NAME = AppIcon;
				CODE_SIGN_STYLE = Automatic;
				DEVELOPMENT_TEAM = 56CLV9J785;
				INFOPLIST_FILE = "$(SRCROOT)/Calculator/Resources/Info.plist";
				LD_RUNPATH_SEARCH_PATHS = (
					"$(inherited)",
					"@executable_path/Frameworks",
				);
				PRODUCT_BUNDLE_IDENTIFIER = com.stevelederer.Calculator;
				PRODUCT_NAME = "$(TARGET_NAME)";
				SWIFT_VERSION = 4.2;
				TARGETED_DEVICE_FAMILY = 1;
			};
			name = Release;
		};
/* End XCBuildConfiguration section */

/* Begin XCConfigurationList section */
		1B6B717A21D1A8FE0034CF7A /* Build configuration list for PBXProject "Calculator" */ = {
			isa = XCConfigurationList;
			buildConfigurations = (
				1B6B718F21D1A8FF0034CF7A /* Debug */,
				1B6B719021D1A8FF0034CF7A /* Release */,
			);
			defaultConfigurationIsVisible = 0;
			defaultConfigurationName = Release;
		};
		1B6B719121D1A8FF0034CF7A /* Build configuration list for PBXNativeTarget "Calculator" */ = {
			isa = XCConfigurationList;
			buildConfigurations = (
				1B6B719221D1A8FF0034CF7A /* Debug */,
				1B6B719321D1A8FF0034CF7A /* Release */,
			);
			defaultConfigurationIsVisible = 0;
			defaultConfigurationName = Release;
		};
/* End XCConfigurationList section */
	};
	rootObject = 1B6B717721D1A8FE0034CF7A /* Project object */;
}
